
Microsoft Visual Studio Solution File, Format Version 12.00
# Visual Studio 15
VisualStudioVersion = 15.0.26430.14
MinimumVisualStudioVersion = 10.0.40219.1
Project("{FAE04EC0-301F-11D3-BF4B-00C04F79EFBC}") = "GymManager", "GymManager\GymManager.csproj", "{19BC2B3B-310B-4A9A-8351-96B41212DE79}"
EndProject
Project("{FAE04EC0-301F-11D3-BF4B-00C04F79EFBC}") = "Model", "Project1\Model.csproj", "{1448F862-5B2A-48CE-95D6-11390B72A7AE}"
EndProject
Global
	GlobalSection(SolutionConfigurationPlatforms) = preSolution
		Debug|Any CPU = Debug|Any CPU
		Release|Any CPU = Release|Any CPU
	EndGlobalSection
	GlobalSection(ProjectConfigurationPlatforms) = postSolution
		{19BC2B3B-310B-4A9A-8351-96B41212DE79}.Debug|Any CPU.ActiveCfg = Debug|Any CPU
		{19BC2B3B-310B-4A9A-8351-96B41212DE79}.Debug|Any CPU.Build.0 = Debug|Any CPU
		{19BC2B3B-310B-4A9A-8351-96B41212DE79}.Release|Any CPU.ActiveCfg = Release|Any CPU
		{19BC2B3B-310B-4A9A-8351-96B41212DE79}.Release|Any CPU.Build.0 = Release|Any CPU
		{1448F862-5B2A-48CE-95D6-11390B72A7AE}.Debug|Any CPU.ActiveCfg = Debug|Any CPU
		{1448F862-5B2A-48CE-95D6-11390B72A7AE}.Debug|Any CPU.Build.0 = Debug|Any CPU
		{1448F862-5B2A-48CE-95D6-11390B72A7AE}.Release|Any CPU.ActiveCfg = Release|Any CPU
		{1448F862-5B2A-48CE-95D6-11390B72A7AE}.Release|Any CPU.Build.0 = Release|Any CPU
	EndGlobalSection
	GlobalSection(SolutionProperties) = preSolution
		HideSolutionNode = FALSE
	EndGlobalSection
EndGlobal
